// !$*UTF8*$!
{
	archiveVersion = 1;
	classes = {
	};
	objectVersion = 56;
	objects = {

/* Begin PBXBuildFile section */
		CF44F96C29745FB900EF96E2 /* LogMessage.swift in Sources */ = {isa = PBXBuildFile; fileRef = CF44F96B29745FB900EF96E2 /* LogMessage.swift */; };
		CF44F97229746B9000EF96E2 /* LogView.swift in Sources */ = {isa = PBXBuildFile; fileRef = CF44F97129746B9000EF96E2 /* LogView.swift */; };
		CF44F9742974794E00EF96E2 /* PositionMap.swift in Sources */ = {isa = PBXBuildFile; fileRef = CF44F9732974794E00EF96E2 /* PositionMap.swift */; };
		CF44F976297479A700EF96E2 /* PositionOnMap .swift in Sources */ = {isa = PBXBuildFile; fileRef = CF44F975297479A700EF96E2 /* PositionOnMap .swift */; };
		CF44F97929747F3300EF96E2 /* Date+Formatted.swift in Sources */ = {isa = PBXBuildFile; fileRef = CF44F97829747F3300EF96E2 /* Date+Formatted.swift */; };
		CF44F97B2974C16600EF96E2 /* SphericalView.swift in Sources */ = {isa = PBXBuildFile; fileRef = CF44F97A2974C16600EF96E2 /* SphericalView.swift */; };
		CF44F97D2974C79200EF96E2 /* Color+Random.swift in Sources */ = {isa = PBXBuildFile; fileRef = CF44F97C2974C79200EF96E2 /* Color+Random.swift */; };
		CF73BC40296D1C8F00CC5012 /* ExperimentState.swift in Sources */ = {isa = PBXBuildFile; fileRef = CF73BC3F296D1C8F00CC5012 /* ExperimentState.swift */; };
		CF73BC42296D1FA900CC5012 /* WudaConstants.swift in Sources */ = {isa = PBXBuildFile; fileRef = CF73BC41296D1FA900CC5012 /* WudaConstants.swift */; };
		CF903A5F296F57F90018D17D /* SCNGeodesicIcosahedron.swift in Sources */ = {isa = PBXBuildFile; fileRef = CF903A5E296F57F90018D17D /* SCNGeodesicIcosahedron.swift */; };
		CF903A62296F583D0018D17D /* GeodesicIcosahedron16.swift in Sources */ = {isa = PBXBuildFile; fileRef = CF903A61296F583D0018D17D /* GeodesicIcosahedron16.swift */; };
		CFD5A5BE296BA87B00708441 /* WudaApp.swift in Sources */ = {isa = PBXBuildFile; fileRef = CFD5A5BD296BA87B00708441 /* WudaApp.swift */; };
		CFD5A5C2296BA87B00708441 /* Assets.xcassets in Resources */ = {isa = PBXBuildFile; fileRef = CFD5A5C1296BA87B00708441 /* Assets.xcassets */; };
		CFD5A5C5296BA87C00708441 /* Preview Assets.xcassets in Resources */ = {isa = PBXBuildFile; fileRef = CFD5A5C4296BA87C00708441 /* Preview Assets.xcassets */; };
		CFD5A5CD296BA8CF00708441 /* MotionPeripheral.swift in Sources */ = {isa = PBXBuildFile; fileRef = CFD5A5CC296BA8CF00708441 /* MotionPeripheral.swift */; };
		CFD5A5CF296BC2D400708441 /* ExperimentationView.swift in Sources */ = {isa = PBXBuildFile; fileRef = CFD5A5CE296BC2D400708441 /* ExperimentationView.swift */; };
		CFD5A5D3296CBD4500708441 /* SphericalScene.swift in Sources */ = {isa = PBXBuildFile; fileRef = CFD5A5D2296CBD4500708441 /* SphericalScene.swift */; };
/* End PBXBuildFile section */

/* Begin PBXFileReference section */
		CF44F96B29745FB900EF96E2 /* LogMessage.swift */ = {isa = PBXFileReference; lastKnownFileType = sourcecode.swift; path = LogMessage.swift; sourceTree = "<group>"; };
		CF44F97129746B9000EF96E2 /* LogView.swift */ = {isa = PBXFileReference; lastKnownFileType = sourcecode.swift; path = LogView.swift; sourceTree = "<group>"; };
		CF44F9732974794E00EF96E2 /* PositionMap.swift */ = {isa = PBXFileReference; lastKnownFileType = sourcecode.swift; path = PositionMap.swift; sourceTree = "<group>"; };
		CF44F975297479A700EF96E2 /* PositionOnMap .swift */ = {isa = PBXFileReference; lastKnownFileType = sourcecode.swift; path = "PositionOnMap .swift"; sourceTree = "<group>"; };
		CF44F97829747F3300EF96E2 /* Date+Formatted.swift */ = {isa = PBXFileReference; lastKnownFileType = sourcecode.swift; path = "Date+Formatted.swift"; sourceTree = "<group>"; };
		CF44F97A2974C16600EF96E2 /* SphericalView.swift */ = {isa = PBXFileReference; lastKnownFileType = sourcecode.swift; path = SphericalView.swift; sourceTree = "<group>"; };
		CF44F97C2974C79200EF96E2 /* Color+Random.swift */ = {isa = PBXFileReference; lastKnownFileType = sourcecode.swift; path = "Color+Random.swift"; sourceTree = "<group>"; };
		CF73BC3F296D1C8F00CC5012 /* ExperimentState.swift */ = {isa = PBXFileReference; lastKnownFileType = sourcecode.swift; path = ExperimentState.swift; sourceTree = "<group>"; };
		CF73BC41296D1FA900CC5012 /* WudaConstants.swift */ = {isa = PBXFileReference; lastKnownFileType = sourcecode.swift; path = WudaConstants.swift; sourceTree = "<group>"; };
		CF903A5E296F57F90018D17D /* SCNGeodesicIcosahedron.swift */ = {isa = PBXFileReference; lastKnownFileType = sourcecode.swift; path = SCNGeodesicIcosahedron.swift; sourceTree = "<group>"; };
		CF903A61296F583D0018D17D /* GeodesicIcosahedron16.swift */ = {isa = PBXFileReference; lastKnownFileType = sourcecode.swift; path = GeodesicIcosahedron16.swift; sourceTree = "<group>"; };
		CFD5A5BA296BA87B00708441 /* Wuda.app */ = {isa = PBXFileReference; explicitFileType = wrapper.application; includeInIndex = 0; path = Wuda.app; sourceTree = BUILT_PRODUCTS_DIR; };
		CFD5A5BD296BA87B00708441 /* WudaApp.swift */ = {isa = PBXFileReference; lastKnownFileType = sourcecode.swift; path = WudaApp.swift; sourceTree = "<group>"; };
		CFD5A5C1296BA87B00708441 /* Assets.xcassets */ = {isa = PBXFileReference; lastKnownFileType = folder.assetcatalog; path = Assets.xcassets; sourceTree = "<group>"; };
		CFD5A5C4296BA87C00708441 /* Preview Assets.xcassets */ = {isa = PBXFileReference; lastKnownFileType = folder.assetcatalog; path = "Preview Assets.xcassets"; sourceTree = "<group>"; };
		CFD5A5C6296BA87C00708441 /* Wuda.entitlements */ = {isa = PBXFileReference; lastKnownFileType = text.plist.entitlements; path = Wuda.entitlements; sourceTree = "<group>"; };
		CFD5A5CC296BA8CF00708441 /* MotionPeripheral.swift */ = {isa = PBXFileReference; lastKnownFileType = sourcecode.swift; path = MotionPeripheral.swift; sourceTree = "<group>"; };
		CFD5A5CE296BC2D400708441 /* ExperimentationView.swift */ = {isa = PBXFileReference; lastKnownFileType = sourcecode.swift; path = ExperimentationView.swift; sourceTree = "<group>"; };
		CFD5A5D2296CBD4500708441 /* SphericalScene.swift */ = {isa = PBXFileReference; lastKnownFileType = sourcecode.swift; path = SphericalScene.swift; sourceTree = "<group>"; };
/* End PBXFileReference section */

/* Begin PBXFrameworksBuildPhase section */
		CFD5A5B7296BA87B00708441 /* Frameworks */ = {
			isa = PBXFrameworksBuildPhase;
			buildActionMask = 2147483647;
			files = (
			);
			runOnlyForDeploymentPostprocessing = 0;
		};
/* End PBXFrameworksBuildPhase section */

/* Begin PBXGroup section */
		CF44F96A29745AD000EF96E2 /* Model */ = {
			isa = PBXGroup;
			children = (
				CF73BC3F296D1C8F00CC5012 /* ExperimentState.swift */,
				CF44F96B29745FB900EF96E2 /* LogMessage.swift */,
				CF44F975297479A700EF96E2 /* PositionOnMap .swift */,
				CF73BC41296D1FA900CC5012 /* WudaConstants.swift */,
			);
			path = Model;
			sourceTree = "<group>";
		};
		CF44F96D2974632B00EF96E2 /* View */ = {
			isa = PBXGroup;
			children = (
				CFD5A5CE296BC2D400708441 /* ExperimentationView.swift */,
				CF44F97129746B9000EF96E2 /* LogView.swift */,
				CF44F9732974794E00EF96E2 /* PositionMap.swift */,
				CF44F97A2974C16600EF96E2 /* SphericalView.swift */,
			);
			path = View;
			sourceTree = "<group>";
		};
		CF44F97029746AC000EF96E2 /* Scene */ = {
			isa = PBXGroup;
			children = (
				CF903A61296F583D0018D17D /* GeodesicIcosahedron16.swift */,
				CFD5A5D2296CBD4500708441 /* SphericalScene.swift */,
				CF903A5E296F57F90018D17D /* SCNGeodesicIcosahedron.swift */,
			);
			path = Scene;
			sourceTree = "<group>";
		};
		CF44F97729747F2500EF96E2 /* Extensions */ = {
			isa = PBXGroup;
			children = (
				CF44F97C2974C79200EF96E2 /* Color+Random.swift */,
				CF44F97829747F3300EF96E2 /* Date+Formatted.swift */,
			);
			path = Extensions;
			sourceTree = "<group>";
		};
		CFD5A5B1296BA87B00708441 = {
			isa = PBXGroup;
			children = (
				CFD5A5BC296BA87B00708441 /* Wuda */,
				CFD5A5BB296BA87B00708441 /* Products */,
			);
			sourceTree = "<group>";
		};
		CFD5A5BB296BA87B00708441 /* Products */ = {
			isa = PBXGroup;
			children = (
				CFD5A5BA296BA87B00708441 /* Wuda.app */,
			);
			name = Products;
			sourceTree = "<group>";
		};
		CFD5A5BC296BA87B00708441 /* Wuda */ = {
			isa = PBXGroup;
			children = (
				CF44F97729747F2500EF96E2 /* Extensions */,
				CF44F96A29745AD000EF96E2 /* Model */,
				CF44F97029746AC000EF96E2 /* Scene */,
				CF44F96D2974632B00EF96E2 /* View */,
				CFD5A5C1296BA87B00708441 /* Assets.xcassets */,
				CFD5A5CC296BA8CF00708441 /* MotionPeripheral.swift */,
				CFD5A5C6296BA87C00708441 /* Wuda.entitlements */,
				CFD5A5BD296BA87B00708441 /* WudaApp.swift */,
				CFD5A5C3296BA87C00708441 /* Preview Content */,
			);
			path = Wuda;
			sourceTree = "<group>";
		};
		CFD5A5C3296BA87C00708441 /* Preview Content */ = {
			isa = PBXGroup;
			children = (
				CFD5A5C4296BA87C00708441 /* Preview Assets.xcassets */,
			);
			path = "Preview Content";
			sourceTree = "<group>";
		};
/* End PBXGroup section */

/* Begin PBXNativeTarget section */
		CFD5A5B9296BA87B00708441 /* Wuda */ = {
			isa = PBXNativeTarget;
			buildConfigurationList = CFD5A5C9296BA87C00708441 /* Build configuration list for PBXNativeTarget "Wuda" */;
			buildPhases = (
				CFD5A5B6296BA87B00708441 /* Sources */,
				CFD5A5B7296BA87B00708441 /* Frameworks */,
				CFD5A5B8296BA87B00708441 /* Resources */,
			);
			buildRules = (
			);
			dependencies = (
			);
			name = Wuda;
			productName = Wuda;
			productReference = CFD5A5BA296BA87B00708441 /* Wuda.app */;
			productType = "com.apple.product-type.application";
		};
/* End PBXNativeTarget section */

/* Begin PBXProject section */
		CFD5A5B2296BA87B00708441 /* Project object */ = {
			isa = PBXProject;
			attributes = {
				BuildIndependentTargetsInParallel = 1;
				LastSwiftUpdateCheck = 1420;
				LastUpgradeCheck = 1420;
				TargetAttributes = {
					CFD5A5B9296BA87B00708441 = {
						CreatedOnToolsVersion = 14.2;
					};
				};
			};
			buildConfigurationList = CFD5A5B5296BA87B00708441 /* Build configuration list for PBXProject "Wuda" */;
			compatibilityVersion = "Xcode 14.0";
			developmentRegion = en;
			hasScannedForEncodings = 0;
			knownRegions = (
				en,
				Base,
			);
			mainGroup = CFD5A5B1296BA87B00708441;
			productRefGroup = CFD5A5BB296BA87B00708441 /* Products */;
			projectDirPath = "";
			projectRoot = "";
			targets = (
				CFD5A5B9296BA87B00708441 /* Wuda */,
			);
		};
/* End PBXProject section */

/* Begin PBXResourcesBuildPhase section */
		CFD5A5B8296BA87B00708441 /* Resources */ = {
			isa = PBXResourcesBuildPhase;
			buildActionMask = 2147483647;
			files = (
				CFD5A5C5296BA87C00708441 /* Preview Assets.xcassets in Resources */,
				CFD5A5C2296BA87B00708441 /* Assets.xcassets in Resources */,
			);
			runOnlyForDeploymentPostprocessing = 0;
		};
/* End PBXResourcesBuildPhase section */

/* Begin PBXSourcesBuildPhase section */
		CFD5A5B6296BA87B00708441 /* Sources */ = {
			isa = PBXSourcesBuildPhase;
			buildActionMask = 2147483647;
			files = (
				CF903A62296F583D0018D17D /* GeodesicIcosahedron16.swift in Sources */,
				CFD5A5D3296CBD4500708441 /* SphericalScene.swift in Sources */,
				CF73BC40296D1C8F00CC5012 /* ExperimentState.swift in Sources */,
				CF44F97D2974C79200EF96E2 /* Color+Random.swift in Sources */,
				CFD5A5BE296BA87B00708441 /* WudaApp.swift in Sources */,
				CF44F97929747F3300EF96E2 /* Date+Formatted.swift in Sources */,
				CF44F97B2974C16600EF96E2 /* SphericalView.swift in Sources */,
				CF44F96C29745FB900EF96E2 /* LogMessage.swift in Sources */,
				CF44F976297479A700EF96E2 /* PositionOnMap .swift in Sources */,
				CF44F9742974794E00EF96E2 /* PositionMap.swift in Sources */,
				CFD5A5CD296BA8CF00708441 /* MotionPeripheral.swift in Sources */,
				CF903A5F296F57F90018D17D /* SCNGeodesicIcosahedron.swift in Sources */,
				CFD5A5CF296BC2D400708441 /* ExperimentationView.swift in Sources */,
				CF44F97229746B9000EF96E2 /* LogView.swift in Sources */,
				CF73BC42296D1FA900CC5012 /* WudaConstants.swift in Sources */,
			);
			runOnlyForDeploymentPostprocessing = 0;
		};
/* End PBXSourcesBuildPhase section */

/* Begin XCBuildConfiguration section */
		CFD5A5C7296BA87C00708441 /* Debug */ = {
			isa = XCBuildConfiguration;
			buildSettings = {
				ALWAYS_SEARCH_USER_PATHS = NO;
				CLANG_ANALYZER_NONNULL = YES;
				CLANG_ANALYZER_NUMBER_OBJECT_CONVERSION = YES_AGGRESSIVE;
				CLANG_CXX_LANGUAGE_STANDARD = "gnu++20";
				CLANG_ENABLE_MODULES = YES;
				CLANG_ENABLE_OBJC_ARC = YES;
				CLANG_ENABLE_OBJC_WEAK = YES;
				CLANG_WARN_BLOCK_CAPTURE_AUTORELEASING = YES;
				CLANG_WARN_BOOL_CONVERSION = YES;
				CLANG_WARN_COMMA = YES;
				CLANG_WARN_CONSTANT_CONVERSION = YES;
				CLANG_WARN_DEPRECATED_OBJC_IMPLEMENTATIONS = YES;
				CLANG_WARN_DIRECT_OBJC_ISA_USAGE = YES_ERROR;
				CLANG_WARN_DOCUMENTATION_COMMENTS = YES;
				CLANG_WARN_EMPTY_BODY = YES;
				CLANG_WARN_ENUM_CONVERSION = YES;
				CLANG_WARN_INFINITE_RECURSION = YES;
				CLANG_WARN_INT_CONVERSION = YES;
				CLANG_WARN_NON_LITERAL_NULL_CONVERSION = YES;
				CLANG_WARN_OBJC_IMPLICIT_RETAIN_SELF = YES;
				CLANG_WARN_OBJC_LITERAL_CONVERSION = YES;
				CLANG_WARN_OBJC_ROOT_CLASS = YES_ERROR;
				CLANG_WARN_QUOTED_INCLUDE_IN_FRAMEWORK_HEADER = YES;
				CLANG_WARN_RANGE_LOOP_ANALYSIS = YES;
				CLANG_WARN_STRICT_PROTOTYPES = YES;
				CLANG_WARN_SUSPICIOUS_MOVE = YES;
				CLANG_WARN_UNGUARDED_AVAILABILITY = YES_AGGRESSIVE;
				CLANG_WARN_UNREACHABLE_CODE = YES;
				CLANG_WARN__DUPLICATE_METHOD_MATCH = YES;
				COPY_PHASE_STRIP = NO;
				DEBUG_INFORMATION_FORMAT = dwarf;
				ENABLE_STRICT_OBJC_MSGSEND = YES;
				ENABLE_TESTABILITY = YES;
				GCC_C_LANGUAGE_STANDARD = gnu11;
				GCC_DYNAMIC_NO_PIC = NO;
				GCC_NO_COMMON_BLOCKS = YES;
				GCC_OPTIMIZATION_LEVEL = 0;
				GCC_PREPROCESSOR_DEFINITIONS = (
					"DEBUG=1",
					"$(inherited)",
				);
				GCC_WARN_64_TO_32_BIT_CONVERSION = YES;
				GCC_WARN_ABOUT_RETURN_TYPE = YES_ERROR;
				GCC_WARN_UNDECLARED_SELECTOR = YES;
				GCC_WARN_UNINITIALIZED_AUTOS = YES_AGGRESSIVE;
				GCC_WARN_UNUSED_FUNCTION = YES;
				GCC_WARN_UNUSED_VARIABLE = YES;
				MACOSX_DEPLOYMENT_TARGET = 13.1;
				MTL_ENABLE_DEBUG_INFO = INCLUDE_SOURCE;
				MTL_FAST_MATH = YES;
				ONLY_ACTIVE_ARCH = YES;
				SDKROOT = macosx;
				SWIFT_ACTIVE_COMPILATION_CONDITIONS = DEBUG;
				SWIFT_OPTIMIZATION_LEVEL = "-Onone";
			};
			name = Debug;
		};
		CFD5A5C8296BA87C00708441 /* Release */ = {
			isa = XCBuildConfiguration;
			buildSettings = {
				ALWAYS_SEARCH_USER_PATHS = NO;
				CLANG_ANALYZER_NONNULL = YES;
				CLANG_ANALYZER_NUMBER_OBJECT_CONVERSION = YES_AGGRESSIVE;
				CLANG_CXX_LANGUAGE_STANDARD = "gnu++20";
				CLANG_ENABLE_MODULES = YES;
				CLANG_ENABLE_OBJC_ARC = YES;
				CLANG_ENABLE_OBJC_WEAK = YES;
				CLANG_WARN_BLOCK_CAPTURE_AUTORELEASING = YES;
				CLANG_WARN_BOOL_CONVERSION = YES;
				CLANG_WARN_COMMA = YES;
				CLANG_WARN_CONSTANT_CONVERSION = YES;
				CLANG_WARN_DEPRECATED_OBJC_IMPLEMENTATIONS = YES;
				CLANG_WARN_DIRECT_OBJC_ISA_USAGE = YES_ERROR;
				CLANG_WARN_DOCUMENTATION_COMMENTS = YES;
				CLANG_WARN_EMPTY_BODY = YES;
				CLANG_WARN_ENUM_CONVERSION = YES;
				CLANG_WARN_INFINITE_RECURSION = YES;
				CLANG_WARN_INT_CONVERSION = YES;
				CLANG_WARN_NON_LITERAL_NULL_CONVERSION = YES;
				CLANG_WARN_OBJC_IMPLICIT_RETAIN_SELF = YES;
				CLANG_WARN_OBJC_LITERAL_CONVERSION = YES;
				CLANG_WARN_OBJC_ROOT_CLASS = YES_ERROR;
				CLANG_WARN_QUOTED_INCLUDE_IN_FRAMEWORK_HEADER = YES;
				CLANG_WARN_RANGE_LOOP_ANALYSIS = YES;
				CLANG_WARN_STRICT_PROTOTYPES = YES;
				CLANG_WARN_SUSPICIOUS_MOVE = YES;
				CLANG_WARN_UNGUARDED_AVAILABILITY = YES_AGGRESSIVE;
				CLANG_WARN_UNREACHABLE_CODE = YES;
				CLANG_WARN__DUPLICATE_METHOD_MATCH = YES;
				COPY_PHASE_STRIP = NO;
				DEBUG_INFORMATION_FORMAT = "dwarf-with-dsym";
				ENABLE_NS_ASSERTIONS = NO;
				ENABLE_STRICT_OBJC_MSGSEND = YES;
				GCC_C_LANGUAGE_STANDARD = gnu11;
				GCC_NO_COMMON_BLOCKS = YES;
				GCC_WARN_64_TO_32_BIT_CONVERSION = YES;
				GCC_WARN_ABOUT_RETURN_TYPE = YES_ERROR;
				GCC_WARN_UNDECLARED_SELECTOR = YES;
				GCC_WARN_UNINITIALIZED_AUTOS = YES_AGGRESSIVE;
				GCC_WARN_UNUSED_FUNCTION = YES;
				GCC_WARN_UNUSED_VARIABLE = YES;
				MACOSX_DEPLOYMENT_TARGET = 13.1;
				MTL_ENABLE_DEBUG_INFO = NO;
				MTL_FAST_MATH = YES;
				SDKROOT = macosx;
				SWIFT_COMPILATION_MODE = wholemodule;
				SWIFT_OPTIMIZATION_LEVEL = "-O";
			};
			name = Release;
		};
		CFD5A5CA296BA87C00708441 /* Debug */ = {
			isa = XCBuildConfiguration;
			buildSettings = {
				ASSETCATALOG_COMPILER_APPICON_NAME = AppIcon;
				ASSETCATALOG_COMPILER_GLOBAL_ACCENT_COLOR_NAME = AccentColor;
				CODE_SIGN_ENTITLEMENTS = Wuda/Wuda.entitlements;
				CODE_SIGN_STYLE = Automatic;
				COMBINE_HIDPI_IMAGES = YES;
				CURRENT_PROJECT_VERSION = 1;
				DEVELOPMENT_ASSET_PATHS = "\"Wuda/Preview Content\"";
				DEVELOPMENT_TEAM = YSM47RXQJK;
				ENABLE_HARDENED_RUNTIME = YES;
				ENABLE_PREVIEWS = YES;
				GENERATE_INFOPLIST_FILE = YES;
				INFOPLIST_KEY_NSBluetoothAlwaysUsageDescription = "Need to receive data from watch";
				INFOPLIST_KEY_NSHumanReadableCopyright = "";
				LD_RUNPATH_SEARCH_PATHS = (
					"$(inherited)",
					"@executable_path/../Frameworks",
				);
				MARKETING_VERSION = 1.0;
				PRODUCT_BUNDLE_IDENTIFIER = org.reasonable.Wuda;
				PRODUCT_NAME = "$(TARGET_NAME)";
				SWIFT_EMIT_LOC_STRINGS = YES;
				SWIFT_VERSION = 5.0;
			};
			name = Debug;
		};
		CFD5A5CB296BA87C00708441 /* Release */ = {
			isa = XCBuildConfiguration;
			buildSettings = {
				ASSETCATALOG_COMPILER_APPICON_NAME = AppIcon;
				ASSETCATALOG_COMPILER_GLOBAL_ACCENT_COLOR_NAME = AccentColor;
				CODE_SIGN_ENTITLEMENTS = Wuda/Wuda.entitlements;
				CODE_SIGN_STYLE = Automatic;
				COMBINE_HIDPI_IMAGES = YES;
				CURRENT_PROJECT_VERSION = 1;
				DEVELOPMENT_ASSET_PATHS = "\"Wuda/Preview Content\"";
				DEVELOPMENT_TEAM = YSM47RXQJK;
				ENABLE_HARDENED_RUNTIME = YES;
				ENABLE_PREVIEWS = YES;
				GENERATE_INFOPLIST_FILE = YES;
				INFOPLIST_KEY_NSBluetoothAlwaysUsageDescription = "Need to receive data from watch";
				INFOPLIST_KEY_NSHumanReadableCopyright = "";
				LD_RUNPATH_SEARCH_PATHS = (
					"$(inherited)",
					"@executable_path/../Frameworks",
				);
				MARKETING_VERSION = 1.0;
				PRODUCT_BUNDLE_IDENTIFIER = org.reasonable.Wuda;
				PRODUCT_NAME = "$(TARGET_NAME)";
				SWIFT_EMIT_LOC_STRINGS = YES;
				SWIFT_VERSION = 5.0;
			};
			name = Release;
		};
/* End XCBuildConfiguration section */

/* Begin XCConfigurationList section */
		CFD5A5B5296BA87B00708441 /* Build configuration list for PBXProject "Wuda" */ = {
			isa = XCConfigurationList;
			buildConfigurations = (
				CFD5A5C7296BA87C00708441 /* Debug */,
				CFD5A5C8296BA87C00708441 /* Release */,
			);
			defaultConfigurationIsVisible = 0;
			defaultConfigurationName = Release;
		};
		CFD5A5C9296BA87C00708441 /* Build configuration list for PBXNativeTarget "Wuda" */ = {
			isa = XCConfigurationList;
			buildConfigurations = (
				CFD5A5CA296BA87C00708441 /* Debug */,
				CFD5A5CB296BA87C00708441 /* Release */,
			);
			defaultConfigurationIsVisible = 0;
			defaultConfigurationName = Release;
		};
/* End XCConfigurationList section */
	};
	rootObject = CFD5A5B2296BA87B00708441 /* Project object */;
}
